
Microsoft Visual Studio Solution File, Format Version 12.00
Project("{FAE04EC0-301F-11D3-BF4B-00C04F79EFBC}") = "MyMappster", "MyMappster\MyMappster.csproj", "{DE589660-5D6D-4DF4-8478-F1DC430916CF}"
EndProject
Global
	GlobalSection(SolutionConfigurationPlatforms) = preSolution
		Debug|Any CPU = Debug|Any CPU
		Release|Any CPU = Release|Any CPU
	EndGlobalSection
	GlobalSection(ProjectConfigurationPlatforms) = postSolution
		{DE589660-5D6D-4DF4-8478-F1DC430916CF}.Debug|Any CPU.ActiveCfg = Debug|Any CPU
		{DE589660-5D6D-4DF4-8478-F1DC430916CF}.Debug|Any CPU.Build.0 = Debug|Any CPU
		{DE589660-5D6D-4DF4-8478-F1DC430916CF}.Release|Any CPU.ActiveCfg = Release|Any CPU
		{DE589660-5D6D-4DF4-8478-F1DC430916CF}.Release|Any CPU.Build.0 = Release|Any CPU
	EndGlobalSection
EndGlobal
